
Microsoft Visual Studio Solution File, Format Version 12.00
# Visual Studio 15
VisualStudioVersion = 15.0.28307.1259
MinimumVisualStudioVersion = 10.0.40219.1
Project("{FAE04EC0-301F-11D3-BF4B-00C04F79EFBC}") = "fightclub", "fightclub\fightclub.csproj", "{82A62117-F42E-4F6B-8FBB-F66730853A25}"
EndProject
Global
	GlobalSection(SolutionConfigurationPlatforms) = preSolution
		Debug|Any CPU = Debug|Any CPU
		Release|Any CPU = Release|Any CPU
	EndGlobalSection
	GlobalSection(ProjectConfigurationPlatforms) = postSolution
		{82A62117-F42E-4F6B-8FBB-F66730853A25}.Debug|Any CPU.ActiveCfg = Debug|Any CPU
		{82A62117-F42E-4F6B-8FBB-F66730853A25}.Debug|Any CPU.Build.0 = Debug|Any CPU
		{82A62117-F42E-4F6B-8FBB-F66730853A25}.Release|Any CPU.ActiveCfg = Release|Any CPU
		{82A62117-F42E-4F6B-8FBB-F66730853A25}.Release|Any CPU.Build.0 = Release|Any CPU
	EndGlobalSection
	GlobalSection(SolutionProperties) = preSolution
		HideSolutionNode = FALSE
	EndGlobalSection
	GlobalSection(ExtensibilityGlobals) = postSolution
		SolutionGuid = {41357A85-DA94-4E53-9CE3-CA6EFF587ADF}
	EndGlobalSection
EndGlobal
